// !$*UTF8*$!
{
	archiveVersion = 1;
	classes = {
	};
	objectVersion = 56;
	objects = {

/* Begin PBXBuildFile section */
		BA379DBD2965650D00FC1F28 /* LostArkExchangeApp.swift in Sources */ = {isa = PBXBuildFile; fileRef = BA379DBC2965650D00FC1F28 /* LostArkExchangeApp.swift */; };
		BA379DBF2965650D00FC1F28 /* MainView.swift in Sources */ = {isa = PBXBuildFile; fileRef = BA379DBE2965650D00FC1F28 /* MainView.swift */; };
		BA379DC12965650E00FC1F28 /* Assets.xcassets in Resources */ = {isa = PBXBuildFile; fileRef = BA379DC02965650E00FC1F28 /* Assets.xcassets */; };
		BA379DC42965650E00FC1F28 /* Preview Assets.xcassets in Resources */ = {isa = PBXBuildFile; fileRef = BA379DC32965650E00FC1F28 /* Preview Assets.xcassets */; };
		BA379DC62965650E00FC1F28 /* Persistence.swift in Sources */ = {isa = PBXBuildFile; fileRef = BA379DC52965650E00FC1F28 /* Persistence.swift */; };
		BA379DC92965650E00FC1F28 /* LostArkExchange.xcdatamodeld in Sources */ = {isa = PBXBuildFile; fileRef = BA379DC72965650E00FC1F28 /* LostArkExchange.xcdatamodeld */; };
		BA379DD32965650E00FC1F28 /* LostArkExchangeTests.swift in Sources */ = {isa = PBXBuildFile; fileRef = BA379DD22965650E00FC1F28 /* LostArkExchangeTests.swift */; };
		BA379DDD2965650E00FC1F28 /* LostArkExchangeUITests.swift in Sources */ = {isa = PBXBuildFile; fileRef = BA379DDC2965650E00FC1F28 /* LostArkExchangeUITests.swift */; };
		BA379DDF2965650E00FC1F28 /* LostArkExchangeUITestsLaunchTests.swift in Sources */ = {isa = PBXBuildFile; fileRef = BA379DDE2965650E00FC1F28 /* LostArkExchangeUITestsLaunchTests.swift */; };
		BA379DED2965675400FC1F28 /* EventAPI.swift in Sources */ = {isa = PBXBuildFile; fileRef = BA379DEC2965675400FC1F28 /* EventAPI.swift */; };
		BA379DEF29656F3F00FC1F28 /* EventView.swift in Sources */ = {isa = PBXBuildFile; fileRef = BA379DEE29656F3F00FC1F28 /* EventView.swift */; };
		BA379DF12965A05600FC1F28 /* AuctionItemsAPI.swift in Sources */ = {isa = PBXBuildFile; fileRef = BA379DF02965A05600FC1F28 /* AuctionItemsAPI.swift */; };
		BA379DF32965CF3500FC1F28 /* AuctionOptionsAPI.swift in Sources */ = {isa = PBXBuildFile; fileRef = BA379DF22965CF3500FC1F28 /* AuctionOptionsAPI.swift */; };
		BA379DF6296880DE00FC1F28 /* ItemSearchCategoriesView.swift in Sources */ = {isa = PBXBuildFile; fileRef = BA379DF5296880DE00FC1F28 /* ItemSearchCategoriesView.swift */; };
		BA379DF92968827B00FC1F28 /* AppExtensions.swift in Sources */ = {isa = PBXBuildFile; fileRef = BA379DF82968827B00FC1F28 /* AppExtensions.swift */; };
		BA379E01296890C100FC1F28 /* CategoriesPickerView.swift in Sources */ = {isa = PBXBuildFile; fileRef = BA379E00296890C100FC1F28 /* CategoriesPickerView.swift */; };
		BA379E0A2968AC9A00FC1F28 /* RxCocoa in Frameworks */ = {isa = PBXBuildFile; productRef = BA379E092968AC9A00FC1F28 /* RxCocoa */; };
		BA379E0C2968AC9A00FC1F28 /* RxRelay in Frameworks */ = {isa = PBXBuildFile; productRef = BA379E0B2968AC9A00FC1F28 /* RxRelay */; };
		BA379E0E2968AC9A00FC1F28 /* RxSwift in Frameworks */ = {isa = PBXBuildFile; productRef = BA379E0D2968AC9A00FC1F28 /* RxSwift */; };
		BA379E102968D21C00FC1F28 /* LoaEventsView.swift in Sources */ = {isa = PBXBuildFile; fileRef = BA379E0F2968D21C00FC1F28 /* LoaEventsView.swift */; };
		BA379E122968D31C00FC1F28 /* ItemSearchView.swift in Sources */ = {isa = PBXBuildFile; fileRef = BA379E112968D31C00FC1F28 /* ItemSearchView.swift */; };
		BA379E152968D5EB00FC1F28 /* WebKit.framework in Frameworks */ = {isa = PBXBuildFile; fileRef = BA379E142968D5EB00FC1F28 /* WebKit.framework */; };
		BA379E172968D69000FC1F28 /* WebView.swift in Sources */ = {isa = PBXBuildFile; fileRef = BA379E162968D69000FC1F28 /* WebView.swift */; };
		BA379E192968D70F00FC1F28 /* WebViewViewModel.swift in Sources */ = {isa = PBXBuildFile; fileRef = BA379E182968D70F00FC1F28 /* WebViewViewModel.swift */; };
		BA379E1B296AC67E00FC1F28 /* ItemEtcOptionsView.swift in Sources */ = {isa = PBXBuildFile; fileRef = BA379E1A296AC67E00FC1F28 /* ItemEtcOptionsView.swift */; };
		BA379E58296C139C00FC1F28 /* EtcOptionsView.swift in Sources */ = {isa = PBXBuildFile; fileRef = BA379E57296C139C00FC1F28 /* EtcOptionsView.swift */; };
		BA379E5A296C144000FC1F28 /* SkillOptionsView.swift in Sources */ = {isa = PBXBuildFile; fileRef = BA379E59296C144000FC1F28 /* SkillOptionsView.swift */; };
		BA794493296C180800D8B8CA /* ItemSkillOptionsView.swift in Sources */ = {isa = PBXBuildFile; fileRef = BA794492296C180800D8B8CA /* ItemSkillOptionsView.swift */; };
		BA794497296D623800D8B8CA /* SearcedItemView.swift in Sources */ = {isa = PBXBuildFile; fileRef = BA794496296D623800D8B8CA /* SearcedItemView.swift */; };
/* End PBXBuildFile section */

/* Begin PBXContainerItemProxy section */
		BA379DCF2965650E00FC1F28 /* PBXContainerItemProxy */ = {
			isa = PBXContainerItemProxy;
			containerPortal = BA379DB12965650D00FC1F28 /* Project object */;
			proxyType = 1;
			remoteGlobalIDString = BA379DB82965650D00FC1F28;
			remoteInfo = LostArkExchange;
		};
		BA379DD92965650E00FC1F28 /* PBXContainerItemProxy */ = {
			isa = PBXContainerItemProxy;
			containerPortal = BA379DB12965650D00FC1F28 /* Project object */;
			proxyType = 1;
			remoteGlobalIDString = BA379DB82965650D00FC1F28;
			remoteInfo = LostArkExchange;
		};
/* End PBXContainerItemProxy section */

/* Begin PBXFileReference section */
		BA379DB92965650D00FC1F28 /* LostArkExchange.app */ = {isa = PBXFileReference; explicitFileType = wrapper.application; includeInIndex = 0; path = LostArkExchange.app; sourceTree = BUILT_PRODUCTS_DIR; };
		BA379DBC2965650D00FC1F28 /* LostArkExchangeApp.swift */ = {isa = PBXFileReference; lastKnownFileType = sourcecode.swift; path = LostArkExchangeApp.swift; sourceTree = "<group>"; };
		BA379DBE2965650D00FC1F28 /* MainView.swift */ = {isa = PBXFileReference; lastKnownFileType = sourcecode.swift; path = MainView.swift; sourceTree = "<group>"; };
		BA379DC02965650E00FC1F28 /* Assets.xcassets */ = {isa = PBXFileReference; lastKnownFileType = folder.assetcatalog; path = Assets.xcassets; sourceTree = "<group>"; };
		BA379DC32965650E00FC1F28 /* Preview Assets.xcassets */ = {isa = PBXFileReference; lastKnownFileType = folder.assetcatalog; path = "Preview Assets.xcassets"; sourceTree = "<group>"; };
		BA379DC52965650E00FC1F28 /* Persistence.swift */ = {isa = PBXFileReference; lastKnownFileType = sourcecode.swift; path = Persistence.swift; sourceTree = "<group>"; };
		BA379DC82965650E00FC1F28 /* LostArkExchange.xcdatamodel */ = {isa = PBXFileReference; lastKnownFileType = wrapper.xcdatamodel; path = LostArkExchange.xcdatamodel; sourceTree = "<group>"; };
		BA379DCE2965650E00FC1F28 /* LostArkExchangeTests.xctest */ = {isa = PBXFileReference; explicitFileType = wrapper.cfbundle; includeInIndex = 0; path = LostArkExchangeTests.xctest; sourceTree = BUILT_PRODUCTS_DIR; };
		BA379DD22965650E00FC1F28 /* LostArkExchangeTests.swift */ = {isa = PBXFileReference; lastKnownFileType = sourcecode.swift; path = LostArkExchangeTests.swift; sourceTree = "<group>"; };
		BA379DD82965650E00FC1F28 /* LostArkExchangeUITests.xctest */ = {isa = PBXFileReference; explicitFileType = wrapper.cfbundle; includeInIndex = 0; path = LostArkExchangeUITests.xctest; sourceTree = BUILT_PRODUCTS_DIR; };
		BA379DDC2965650E00FC1F28 /* LostArkExchangeUITests.swift */ = {isa = PBXFileReference; lastKnownFileType = sourcecode.swift; path = LostArkExchangeUITests.swift; sourceTree = "<group>"; };
		BA379DDE2965650E00FC1F28 /* LostArkExchangeUITestsLaunchTests.swift */ = {isa = PBXFileReference; lastKnownFileType = sourcecode.swift; path = LostArkExchangeUITestsLaunchTests.swift; sourceTree = "<group>"; };
		BA379DEC2965675400FC1F28 /* EventAPI.swift */ = {isa = PBXFileReference; lastKnownFileType = sourcecode.swift; path = EventAPI.swift; sourceTree = "<group>"; };
		BA379DEE29656F3F00FC1F28 /* EventView.swift */ = {isa = PBXFileReference; lastKnownFileType = sourcecode.swift; path = EventView.swift; sourceTree = "<group>"; };
		BA379DF02965A05600FC1F28 /* AuctionItemsAPI.swift */ = {isa = PBXFileReference; lastKnownFileType = sourcecode.swift; path = AuctionItemsAPI.swift; sourceTree = "<group>"; };
		BA379DF22965CF3500FC1F28 /* AuctionOptionsAPI.swift */ = {isa = PBXFileReference; lastKnownFileType = sourcecode.swift; path = AuctionOptionsAPI.swift; sourceTree = "<group>"; };
		BA379DF5296880DE00FC1F28 /* ItemSearchCategoriesView.swift */ = {isa = PBXFileReference; lastKnownFileType = sourcecode.swift; path = ItemSearchCategoriesView.swift; sourceTree = "<group>"; };
		BA379DF82968827B00FC1F28 /* AppExtensions.swift */ = {isa = PBXFileReference; lastKnownFileType = sourcecode.swift; path = AppExtensions.swift; sourceTree = "<group>"; };
		BA379E00296890C100FC1F28 /* CategoriesPickerView.swift */ = {isa = PBXFileReference; lastKnownFileType = sourcecode.swift; path = CategoriesPickerView.swift; sourceTree = "<group>"; };
		BA379E0F2968D21C00FC1F28 /* LoaEventsView.swift */ = {isa = PBXFileReference; lastKnownFileType = sourcecode.swift; path = LoaEventsView.swift; sourceTree = "<group>"; };
		BA379E112968D31C00FC1F28 /* ItemSearchView.swift */ = {isa = PBXFileReference; lastKnownFileType = sourcecode.swift; path = ItemSearchView.swift; sourceTree = "<group>"; };
		BA379E142968D5EB00FC1F28 /* WebKit.framework */ = {isa = PBXFileReference; lastKnownFileType = wrapper.framework; name = WebKit.framework; path = System/Library/Frameworks/WebKit.framework; sourceTree = SDKROOT; };
		BA379E162968D69000FC1F28 /* WebView.swift */ = {isa = PBXFileReference; lastKnownFileType = sourcecode.swift; path = WebView.swift; sourceTree = "<group>"; };
		BA379E182968D70F00FC1F28 /* WebViewViewModel.swift */ = {isa = PBXFileReference; lastKnownFileType = sourcecode.swift; path = WebViewViewModel.swift; sourceTree = "<group>"; };
		BA379E1A296AC67E00FC1F28 /* ItemEtcOptionsView.swift */ = {isa = PBXFileReference; lastKnownFileType = sourcecode.swift; path = ItemEtcOptionsView.swift; sourceTree = "<group>"; };
		BA379E57296C139C00FC1F28 /* EtcOptionsView.swift */ = {isa = PBXFileReference; lastKnownFileType = sourcecode.swift; path = EtcOptionsView.swift; sourceTree = "<group>"; };
		BA379E59296C144000FC1F28 /* SkillOptionsView.swift */ = {isa = PBXFileReference; lastKnownFileType = sourcecode.swift; path = SkillOptionsView.swift; sourceTree = "<group>"; };
		BA794492296C180800D8B8CA /* ItemSkillOptionsView.swift */ = {isa = PBXFileReference; lastKnownFileType = sourcecode.swift; path = ItemSkillOptionsView.swift; sourceTree = "<group>"; };
		BA794496296D623800D8B8CA /* SearcedItemView.swift */ = {isa = PBXFileReference; lastKnownFileType = sourcecode.swift; path = SearcedItemView.swift; sourceTree = "<group>"; };
/* End PBXFileReference section */

/* Begin PBXFrameworksBuildPhase section */
		BA379DB62965650D00FC1F28 /* Frameworks */ = {
			isa = PBXFrameworksBuildPhase;
			buildActionMask = 2147483647;
			files = (
				BA379E152968D5EB00FC1F28 /* WebKit.framework in Frameworks */,
				BA379E0E2968AC9A00FC1F28 /* RxSwift in Frameworks */,
				BA379E0C2968AC9A00FC1F28 /* RxRelay in Frameworks */,
				BA379E0A2968AC9A00FC1F28 /* RxCocoa in Frameworks */,
			);
			runOnlyForDeploymentPostprocessing = 0;
		};
		BA379DCB2965650E00FC1F28 /* Frameworks */ = {
			isa = PBXFrameworksBuildPhase;
			buildActionMask = 2147483647;
			files = (
			);
			runOnlyForDeploymentPostprocessing = 0;
		};
		BA379DD52965650E00FC1F28 /* Frameworks */ = {
			isa = PBXFrameworksBuildPhase;
			buildActionMask = 2147483647;
			files = (
			);
			runOnlyForDeploymentPostprocessing = 0;
		};
/* End PBXFrameworksBuildPhase section */

/* Begin PBXGroup section */
		BA379DB02965650D00FC1F28 = {
			isa = PBXGroup;
			children = (
				BA379DBC2965650D00FC1F28 /* LostArkExchangeApp.swift */,
				BA379DBB2965650D00FC1F28 /* LostArkExchange */,
				BA379DD12965650E00FC1F28 /* LostArkExchangeTests */,
				BA379DDB2965650E00FC1F28 /* LostArkExchangeUITests */,
				BA379DBA2965650D00FC1F28 /* Products */,
				BA379E132968D5EB00FC1F28 /* Frameworks */,
			);
			sourceTree = "<group>";
		};
		BA379DBA2965650D00FC1F28 /* Products */ = {
			isa = PBXGroup;
			children = (
				BA379DB92965650D00FC1F28 /* LostArkExchange.app */,
				BA379DCE2965650E00FC1F28 /* LostArkExchangeTests.xctest */,
				BA379DD82965650E00FC1F28 /* LostArkExchangeUITests.xctest */,
			);
			name = Products;
			sourceTree = "<group>";
		};
		BA379DBB2965650D00FC1F28 /* LostArkExchange */ = {
			isa = PBXGroup;
			children = (
				BA379DBE2965650D00FC1F28 /* MainView.swift */,
				BA794495296C18B900D8B8CA /* EventView */,
				BA794494296C188600D8B8CA /* WebView */,
				BA379DF4296880C800FC1F28 /* SearchView */,
				BA379E112968D31C00FC1F28 /* ItemSearchView.swift */,
				BA794496296D623800D8B8CA /* SearcedItemView.swift */,
				BA379E59296C144000FC1F28 /* SkillOptionsView.swift */,
				BA794492296C180800D8B8CA /* ItemSkillOptionsView.swift */,
				BA379E57296C139C00FC1F28 /* EtcOptionsView.swift */,
				BA379E1A296AC67E00FC1F28 /* ItemEtcOptionsView.swift */,
				BA379DF72968826D00FC1F28 /* AppExtension */,
				BA379DEB2965672B00FC1F28 /* API */,
				BA379DC02965650E00FC1F28 /* Assets.xcassets */,
				BA379DC52965650E00FC1F28 /* Persistence.swift */,
				BA379DC72965650E00FC1F28 /* LostArkExchange.xcdatamodeld */,
				BA379DC22965650E00FC1F28 /* Preview Content */,
			);
			path = LostArkExchange;
			sourceTree = "<group>";
		};
		BA379DC22965650E00FC1F28 /* Preview Content */ = {
			isa = PBXGroup;
			children = (
				BA379DC32965650E00FC1F28 /* Preview Assets.xcassets */,
			);
			path = "Preview Content";
			sourceTree = "<group>";
		};
		BA379DD12965650E00FC1F28 /* LostArkExchangeTests */ = {
			isa = PBXGroup;
			children = (
				BA379DD22965650E00FC1F28 /* LostArkExchangeTests.swift */,
			);
			path = LostArkExchangeTests;
			sourceTree = "<group>";
		};
		BA379DDB2965650E00FC1F28 /* LostArkExchangeUITests */ = {
			isa = PBXGroup;
			children = (
				BA379DDC2965650E00FC1F28 /* LostArkExchangeUITests.swift */,
				BA379DDE2965650E00FC1F28 /* LostArkExchangeUITestsLaunchTests.swift */,
			);
			path = LostArkExchangeUITests;
			sourceTree = "<group>";
		};
		BA379DEB2965672B00FC1F28 /* API */ = {
			isa = PBXGroup;
			children = (
				BA379DEC2965675400FC1F28 /* EventAPI.swift */,
				BA379DF02965A05600FC1F28 /* AuctionItemsAPI.swift */,
				BA379DF22965CF3500FC1F28 /* AuctionOptionsAPI.swift */,
			);
			path = API;
			sourceTree = "<group>";
		};
		BA379DF4296880C800FC1F28 /* SearchView */ = {
			isa = PBXGroup;
			children = (
				BA379DF5296880DE00FC1F28 /* ItemSearchCategoriesView.swift */,
				BA379E00296890C100FC1F28 /* CategoriesPickerView.swift */,
			);
			path = SearchView;
			sourceTree = "<group>";
		};
		BA379DF72968826D00FC1F28 /* AppExtension */ = {
			isa = PBXGroup;
			children = (
				BA379DF82968827B00FC1F28 /* AppExtensions.swift */,
			);
			path = AppExtension;
			sourceTree = "<group>";
		};
		BA379E132968D5EB00FC1F28 /* Frameworks */ = {
			isa = PBXGroup;
			children = (
				BA379E142968D5EB00FC1F28 /* WebKit.framework */,
			);
			name = Frameworks;
			sourceTree = "<group>";
		};
		BA794494296C188600D8B8CA /* WebView */ = {
			isa = PBXGroup;
			children = (
				BA379E182968D70F00FC1F28 /* WebViewViewModel.swift */,
				BA379E162968D69000FC1F28 /* WebView.swift */,
			);
			path = WebView;
			sourceTree = "<group>";
		};
		BA794495296C18B900D8B8CA /* EventView */ = {
			isa = PBXGroup;
			children = (
				BA379DEE29656F3F00FC1F28 /* EventView.swift */,
				BA379E0F2968D21C00FC1F28 /* LoaEventsView.swift */,
			);
			path = EventView;
			sourceTree = "<group>";
		};
/* End PBXGroup section */

/* Begin PBXNativeTarget section */
		BA379DB82965650D00FC1F28 /* LostArkExchange */ = {
			isa = PBXNativeTarget;
			buildConfigurationList = BA379DE22965650E00FC1F28 /* Build configuration list for PBXNativeTarget "LostArkExchange" */;
			buildPhases = (
				BA379DB52965650D00FC1F28 /* Sources */,
				BA379DB62965650D00FC1F28 /* Frameworks */,
				BA379DB72965650D00FC1F28 /* Resources */,
			);
			buildRules = (
			);
			dependencies = (
			);
			name = LostArkExchange;
			packageProductDependencies = (
				BA379E092968AC9A00FC1F28 /* RxCocoa */,
				BA379E0B2968AC9A00FC1F28 /* RxRelay */,
				BA379E0D2968AC9A00FC1F28 /* RxSwift */,
			);
			productName = LostArkExchange;
			productReference = BA379DB92965650D00FC1F28 /* LostArkExchange.app */;
			productType = "com.apple.product-type.application";
		};
		BA379DCD2965650E00FC1F28 /* LostArkExchangeTests */ = {
			isa = PBXNativeTarget;
			buildConfigurationList = BA379DE52965650E00FC1F28 /* Build configuration list for PBXNativeTarget "LostArkExchangeTests" */;
			buildPhases = (
				BA379DCA2965650E00FC1F28 /* Sources */,
				BA379DCB2965650E00FC1F28 /* Frameworks */,
				BA379DCC2965650E00FC1F28 /* Resources */,
			);
			buildRules = (
			);
			dependencies = (
				BA379DD02965650E00FC1F28 /* PBXTargetDependency */,
			);
			name = LostArkExchangeTests;
			productName = LostArkExchangeTests;
			productReference = BA379DCE2965650E00FC1F28 /* LostArkExchangeTests.xctest */;
			productType = "com.apple.product-type.bundle.unit-test";
		};
		BA379DD72965650E00FC1F28 /* LostArkExchangeUITests */ = {
			isa = PBXNativeTarget;
			buildConfigurationList = BA379DE82965650E00FC1F28 /* Build configuration list for PBXNativeTarget "LostArkExchangeUITests" */;
			buildPhases = (
				BA379DD42965650E00FC1F28 /* Sources */,
				BA379DD52965650E00FC1F28 /* Frameworks */,
				BA379DD62965650E00FC1F28 /* Resources */,
			);
			buildRules = (
			);
			dependencies = (
				BA379DDA2965650E00FC1F28 /* PBXTargetDependency */,
			);
			name = LostArkExchangeUITests;
			productName = LostArkExchangeUITests;
			productReference = BA379DD82965650E00FC1F28 /* LostArkExchangeUITests.xctest */;
			productType = "com.apple.product-type.bundle.ui-testing";
		};
/* End PBXNativeTarget section */

/* Begin PBXProject section */
		BA379DB12965650D00FC1F28 /* Project object */ = {
			isa = PBXProject;
			attributes = {
				BuildIndependentTargetsInParallel = 1;
				LastSwiftUpdateCheck = 1410;
				LastUpgradeCheck = 1410;
				TargetAttributes = {
					BA379DB82965650D00FC1F28 = {
						CreatedOnToolsVersion = 14.1;
					};
					BA379DCD2965650E00FC1F28 = {
						CreatedOnToolsVersion = 14.1;
						TestTargetID = BA379DB82965650D00FC1F28;
					};
					BA379DD72965650E00FC1F28 = {
						CreatedOnToolsVersion = 14.1;
						TestTargetID = BA379DB82965650D00FC1F28;
					};
				};
			};
			buildConfigurationList = BA379DB42965650D00FC1F28 /* Build configuration list for PBXProject "LostArkExchange" */;
			compatibilityVersion = "Xcode 14.0";
			developmentRegion = en;
			hasScannedForEncodings = 0;
			knownRegions = (
				en,
				Base,
			);
			mainGroup = BA379DB02965650D00FC1F28;
			packageReferences = (
				BA379E082968AC9A00FC1F28 /* XCRemoteSwiftPackageReference "RxSwift" */,
			);
			productRefGroup = BA379DBA2965650D00FC1F28 /* Products */;
			projectDirPath = "";
			projectRoot = "";
			targets = (
				BA379DB82965650D00FC1F28 /* LostArkExchange */,
				BA379DCD2965650E00FC1F28 /* LostArkExchangeTests */,
				BA379DD72965650E00FC1F28 /* LostArkExchangeUITests */,
			);
		};
/* End PBXProject section */

/* Begin PBXResourcesBuildPhase section */
		BA379DB72965650D00FC1F28 /* Resources */ = {
			isa = PBXResourcesBuildPhase;
			buildActionMask = 2147483647;
			files = (
				BA379DC42965650E00FC1F28 /* Preview Assets.xcassets in Resources */,
				BA379DC12965650E00FC1F28 /* Assets.xcassets in Resources */,
			);
			runOnlyForDeploymentPostprocessing = 0;
		};
		BA379DCC2965650E00FC1F28 /* Resources */ = {
			isa = PBXResourcesBuildPhase;
			buildActionMask = 2147483647;
			files = (
			);
			runOnlyForDeploymentPostprocessing = 0;
		};
		BA379DD62965650E00FC1F28 /* Resources */ = {
			isa = PBXResourcesBuildPhase;
			buildActionMask = 2147483647;
			files = (
			);
			runOnlyForDeploymentPostprocessing = 0;
		};
/* End PBXResourcesBuildPhase section */

/* Begin PBXSourcesBuildPhase section */
		BA379DB52965650D00FC1F28 /* Sources */ = {
			isa = PBXSourcesBuildPhase;
			buildActionMask = 2147483647;
			files = (
				BA379DED2965675400FC1F28 /* EventAPI.swift in Sources */,
				BA794497296D623800D8B8CA /* SearcedItemView.swift in Sources */,
				BA379E01296890C100FC1F28 /* CategoriesPickerView.swift in Sources */,
				BA379E122968D31C00FC1F28 /* ItemSearchView.swift in Sources */,
				BA379DF12965A05600FC1F28 /* AuctionItemsAPI.swift in Sources */,
				BA379DC62965650E00FC1F28 /* Persistence.swift in Sources */,
				BA379DF32965CF3500FC1F28 /* AuctionOptionsAPI.swift in Sources */,
				BA379DBF2965650D00FC1F28 /* MainView.swift in Sources */,
				BA379E5A296C144000FC1F28 /* SkillOptionsView.swift in Sources */,
				BA379E1B296AC67E00FC1F28 /* ItemEtcOptionsView.swift in Sources */,
				BA379DF92968827B00FC1F28 /* AppExtensions.swift in Sources */,
				BA379DEF29656F3F00FC1F28 /* EventView.swift in Sources */,
				BA379DF6296880DE00FC1F28 /* ItemSearchCategoriesView.swift in Sources */,
				BA379E192968D70F00FC1F28 /* WebViewViewModel.swift in Sources */,
				BA379DBD2965650D00FC1F28 /* LostArkExchangeApp.swift in Sources */,
				BA379E102968D21C00FC1F28 /* LoaEventsView.swift in Sources */,
				BA379DC92965650E00FC1F28 /* LostArkExchange.xcdatamodeld in Sources */,
				BA379E58296C139C00FC1F28 /* EtcOptionsView.swift in Sources */,
				BA379E172968D69000FC1F28 /* WebView.swift in Sources */,
				BA794493296C180800D8B8CA /* ItemSkillOptionsView.swift in Sources */,
			);
			runOnlyForDeploymentPostprocessing = 0;
		};
		BA379DCA2965650E00FC1F28 /* Sources */ = {
			isa = PBXSourcesBuildPhase;
			buildActionMask = 2147483647;
			files = (
				BA379DD32965650E00FC1F28 /* LostArkExchangeTests.swift in Sources */,
			);
			runOnlyForDeploymentPostprocessing = 0;
		};
		BA379DD42965650E00FC1F28 /* Sources */ = {
			isa = PBXSourcesBuildPhase;
			buildActionMask = 2147483647;
			files = (
				BA379DDF2965650E00FC1F28 /* LostArkExchangeUITestsLaunchTests.swift in Sources */,
				BA379DDD2965650E00FC1F28 /* LostArkExchangeUITests.swift in Sources */,
			);
			runOnlyForDeploymentPostprocessing = 0;
		};
/* End PBXSourcesBuildPhase section */

/* Begin PBXTargetDependency section */
		BA379DD02965650E00FC1F28 /* PBXTargetDependency */ = {
			isa = PBXTargetDependency;
			target = BA379DB82965650D00FC1F28 /* LostArkExchange */;
			targetProxy = BA379DCF2965650E00FC1F28 /* PBXContainerItemProxy */;
		};
		BA379DDA2965650E00FC1F28 /* PBXTargetDependency */ = {
			isa = PBXTargetDependency;
			target = BA379DB82965650D00FC1F28 /* LostArkExchange */;
			targetProxy = BA379DD92965650E00FC1F28 /* PBXContainerItemProxy */;
		};
/* End PBXTargetDependency section */

/* Begin XCBuildConfiguration section */
		BA379DE02965650E00FC1F28 /* Debug */ = {
			isa = XCBuildConfiguration;
			buildSettings = {
				ALWAYS_SEARCH_USER_PATHS = NO;
				CLANG_ANALYZER_NONNULL = YES;
				CLANG_ANALYZER_NUMBER_OBJECT_CONVERSION = YES_AGGRESSIVE;
				CLANG_CXX_LANGUAGE_STANDARD = "gnu++20";
				CLANG_ENABLE_MODULES = YES;
				CLANG_ENABLE_OBJC_ARC = YES;
				CLANG_ENABLE_OBJC_WEAK = YES;
				CLANG_WARN_BLOCK_CAPTURE_AUTORELEASING = YES;
				CLANG_WARN_BOOL_CONVERSION = YES;
				CLANG_WARN_COMMA = YES;
				CLANG_WARN_CONSTANT_CONVERSION = YES;
				CLANG_WARN_DEPRECATED_OBJC_IMPLEMENTATIONS = YES;
				CLANG_WARN_DIRECT_OBJC_ISA_USAGE = YES_ERROR;
				CLANG_WARN_DOCUMENTATION_COMMENTS = YES;
				CLANG_WARN_EMPTY_BODY = YES;
				CLANG_WARN_ENUM_CONVERSION = YES;
				CLANG_WARN_INFINITE_RECURSION = YES;
				CLANG_WARN_INT_CONVERSION = YES;
				CLANG_WARN_NON_LITERAL_NULL_CONVERSION = YES;
				CLANG_WARN_OBJC_IMPLICIT_RETAIN_SELF = YES;
				CLANG_WARN_OBJC_LITERAL_CONVERSION = YES;
				CLANG_WARN_OBJC_ROOT_CLASS = YES_ERROR;
				CLANG_WARN_QUOTED_INCLUDE_IN_FRAMEWORK_HEADER = YES;
				CLANG_WARN_RANGE_LOOP_ANALYSIS = YES;
				CLANG_WARN_STRICT_PROTOTYPES = YES;
				CLANG_WARN_SUSPICIOUS_MOVE = YES;
				CLANG_WARN_UNGUARDED_AVAILABILITY = YES_AGGRESSIVE;
				CLANG_WARN_UNREACHABLE_CODE = YES;
				CLANG_WARN__DUPLICATE_METHOD_MATCH = YES;
				COPY_PHASE_STRIP = NO;
				DEBUG_INFORMATION_FORMAT = dwarf;
				ENABLE_STRICT_OBJC_MSGSEND = YES;
				ENABLE_TESTABILITY = YES;
				GCC_C_LANGUAGE_STANDARD = gnu11;
				GCC_DYNAMIC_NO_PIC = NO;
				GCC_NO_COMMON_BLOCKS = YES;
				GCC_OPTIMIZATION_LEVEL = 0;
				GCC_PREPROCESSOR_DEFINITIONS = (
					"DEBUG=1",
					"$(inherited)",
				);
				GCC_WARN_64_TO_32_BIT_CONVERSION = YES;
				GCC_WARN_ABOUT_RETURN_TYPE = YES_ERROR;
				GCC_WARN_UNDECLARED_SELECTOR = YES;
				GCC_WARN_UNINITIALIZED_AUTOS = YES_AGGRESSIVE;
				GCC_WARN_UNUSED_FUNCTION = YES;
				GCC_WARN_UNUSED_VARIABLE = YES;
				IPHONEOS_DEPLOYMENT_TARGET = 16.1;
				MTL_ENABLE_DEBUG_INFO = INCLUDE_SOURCE;
				MTL_FAST_MATH = YES;
				ONLY_ACTIVE_ARCH = YES;
				SDKROOT = iphoneos;
				SWIFT_ACTIVE_COMPILATION_CONDITIONS = DEBUG;
				SWIFT_OPTIMIZATION_LEVEL = "-Onone";
			};
			name = Debug;
		};
		BA379DE12965650E00FC1F28 /* Release */ = {
			isa = XCBuildConfiguration;
			buildSettings = {
				ALWAYS_SEARCH_USER_PATHS = NO;
				CLANG_ANALYZER_NONNULL = YES;
				CLANG_ANALYZER_NUMBER_OBJECT_CONVERSION = YES_AGGRESSIVE;
				CLANG_CXX_LANGUAGE_STANDARD = "gnu++20";
				CLANG_ENABLE_MODULES = YES;
				CLANG_ENABLE_OBJC_ARC = YES;
				CLANG_ENABLE_OBJC_WEAK = YES;
				CLANG_WARN_BLOCK_CAPTURE_AUTORELEASING = YES;
				CLANG_WARN_BOOL_CONVERSION = YES;
				CLANG_WARN_COMMA = YES;
				CLANG_WARN_CONSTANT_CONVERSION = YES;
				CLANG_WARN_DEPRECATED_OBJC_IMPLEMENTATIONS = YES;
				CLANG_WARN_DIRECT_OBJC_ISA_USAGE = YES_ERROR;
				CLANG_WARN_DOCUMENTATION_COMMENTS = YES;
				CLANG_WARN_EMPTY_BODY = YES;
				CLANG_WARN_ENUM_CONVERSION = YES;
				CLANG_WARN_INFINITE_RECURSION = YES;
				CLANG_WARN_INT_CONVERSION = YES;
				CLANG_WARN_NON_LITERAL_NULL_CONVERSION = YES;
				CLANG_WARN_OBJC_IMPLICIT_RETAIN_SELF = YES;
				CLANG_WARN_OBJC_LITERAL_CONVERSION = YES;
				CLANG_WARN_OBJC_ROOT_CLASS = YES_ERROR;
				CLANG_WARN_QUOTED_INCLUDE_IN_FRAMEWORK_HEADER = YES;
				CLANG_WARN_RANGE_LOOP_ANALYSIS = YES;
				CLANG_WARN_STRICT_PROTOTYPES = YES;
				CLANG_WARN_SUSPICIOUS_MOVE = YES;
				CLANG_WARN_UNGUARDED_AVAILABILITY = YES_AGGRESSIVE;
				CLANG_WARN_UNREACHABLE_CODE = YES;
				CLANG_WARN__DUPLICATE_METHOD_MATCH = YES;
				COPY_PHASE_STRIP = NO;
				DEBUG_INFORMATION_FORMAT = "dwarf-with-dsym";
				ENABLE_NS_ASSERTIONS = NO;
				ENABLE_STRICT_OBJC_MSGSEND = YES;
				GCC_C_LANGUAGE_STANDARD = gnu11;
				GCC_NO_COMMON_BLOCKS = YES;
				GCC_WARN_64_TO_32_BIT_CONVERSION = YES;
				GCC_WARN_ABOUT_RETURN_TYPE = YES_ERROR;
				GCC_WARN_UNDECLARED_SELECTOR = YES;
				GCC_WARN_UNINITIALIZED_AUTOS = YES_AGGRESSIVE;
				GCC_WARN_UNUSED_FUNCTION = YES;
				GCC_WARN_UNUSED_VARIABLE = YES;
				IPHONEOS_DEPLOYMENT_TARGET = 16.1;
				MTL_ENABLE_DEBUG_INFO = NO;
				MTL_FAST_MATH = YES;
				SDKROOT = iphoneos;
				SWIFT_COMPILATION_MODE = wholemodule;
				SWIFT_OPTIMIZATION_LEVEL = "-O";
				VALIDATE_PRODUCT = YES;
			};
			name = Release;
		};
		BA379DE32965650E00FC1F28 /* Debug */ = {
			isa = XCBuildConfiguration;
			buildSettings = {
				ASSETCATALOG_COMPILER_APPICON_NAME = AppIcon;
				ASSETCATALOG_COMPILER_GLOBAL_ACCENT_COLOR_NAME = AccentColor;
				CODE_SIGN_STYLE = Automatic;
				CURRENT_PROJECT_VERSION = 1;
				DEVELOPMENT_ASSET_PATHS = "\"LostArkExchange/Preview Content\"";
				DEVELOPMENT_TEAM = VYAAXRZFXH;
				ENABLE_PREVIEWS = YES;
				GENERATE_INFOPLIST_FILE = YES;
				INFOPLIST_KEY_UIApplicationSceneManifest_Generation = YES;
				INFOPLIST_KEY_UIApplicationSupportsIndirectInputEvents = YES;
				INFOPLIST_KEY_UILaunchScreen_Generation = YES;
				INFOPLIST_KEY_UISupportedInterfaceOrientations_iPad = "UIInterfaceOrientationPortrait UIInterfaceOrientationPortraitUpsideDown UIInterfaceOrientationLandscapeLeft UIInterfaceOrientationLandscapeRight";
				INFOPLIST_KEY_UISupportedInterfaceOrientations_iPhone = "UIInterfaceOrientationPortrait UIInterfaceOrientationLandscapeLeft UIInterfaceOrientationLandscapeRight";
				IPHONEOS_DEPLOYMENT_TARGET = 15.0;
				LD_RUNPATH_SEARCH_PATHS = (
					"$(inherited)",
					"@executable_path/Frameworks",
				);
				MARKETING_VERSION = 1.0;
				PRODUCT_BUNDLE_IDENTIFIER = com.badger.LostArkExchange;
				PRODUCT_NAME = "$(TARGET_NAME)";
				SWIFT_EMIT_LOC_STRINGS = YES;
				SWIFT_VERSION = 5.0;
				TARGETED_DEVICE_FAMILY = "1,2";
			};
			name = Debug;
		};
		BA379DE42965650E00FC1F28 /* Release */ = {
			isa = XCBuildConfiguration;
			buildSettings = {
				ASSETCATALOG_COMPILER_APPICON_NAME = AppIcon;
				ASSETCATALOG_COMPILER_GLOBAL_ACCENT_COLOR_NAME = AccentColor;
				CODE_SIGN_STYLE = Automatic;
				CURRENT_PROJECT_VERSION = 1;
				DEVELOPMENT_ASSET_PATHS = "\"LostArkExchange/Preview Content\"";
				DEVELOPMENT_TEAM = VYAAXRZFXH;
				ENABLE_PREVIEWS = YES;
				GENERATE_INFOPLIST_FILE = YES;
				INFOPLIST_KEY_UIApplicationSceneManifest_Generation = YES;
				INFOPLIST_KEY_UIApplicationSupportsIndirectInputEvents = YES;
				INFOPLIST_KEY_UILaunchScreen_Generation = YES;
				INFOPLIST_KEY_UISupportedInterfaceOrientations_iPad = "UIInterfaceOrientationPortrait UIInterfaceOrientationPortraitUpsideDown UIInterfaceOrientationLandscapeLeft UIInterfaceOrientationLandscapeRight";
				INFOPLIST_KEY_UISupportedInterfaceOrientations_iPhone = "UIInterfaceOrientationPortrait UIInterfaceOrientationLandscapeLeft UIInterfaceOrientationLandscapeRight";
				IPHONEOS_DEPLOYMENT_TARGET = 15.0;
				LD_RUNPATH_SEARCH_PATHS = (
					"$(inherited)",
					"@executable_path/Frameworks",
				);
				MARKETING_VERSION = 1.0;
				PRODUCT_BUNDLE_IDENTIFIER = com.badger.LostArkExchange;
				PRODUCT_NAME = "$(TARGET_NAME)";
				SWIFT_EMIT_LOC_STRINGS = YES;
				SWIFT_VERSION = 5.0;
				TARGETED_DEVICE_FAMILY = "1,2";
			};
			name = Release;
		};
		BA379DE62965650E00FC1F28 /* Debug */ = {
			isa = XCBuildConfiguration;
			buildSettings = {
				ALWAYS_EMBED_SWIFT_STANDARD_LIBRARIES = YES;
				BUNDLE_LOADER = "$(TEST_HOST)";
				CODE_SIGN_STYLE = Automatic;
				CURRENT_PROJECT_VERSION = 1;
				DEVELOPMENT_TEAM = VYAAXRZFXH;
				GENERATE_INFOPLIST_FILE = YES;
				IPHONEOS_DEPLOYMENT_TARGET = 16.1;
				MARKETING_VERSION = 1.0;
				PRODUCT_BUNDLE_IDENTIFIER = com.badger.LostArkExchangeTests;
				PRODUCT_NAME = "$(TARGET_NAME)";
				SWIFT_EMIT_LOC_STRINGS = NO;
				SWIFT_VERSION = 5.0;
				TARGETED_DEVICE_FAMILY = "1,2";
				TEST_HOST = "$(BUILT_PRODUCTS_DIR)/LostArkExchange.app/$(BUNDLE_EXECUTABLE_FOLDER_PATH)/LostArkExchange";
			};
			name = Debug;
		};
		BA379DE72965650E00FC1F28 /* Release */ = {
			isa = XCBuildConfiguration;
			buildSettings = {
				ALWAYS_EMBED_SWIFT_STANDARD_LIBRARIES = YES;
				BUNDLE_LOADER = "$(TEST_HOST)";
				CODE_SIGN_STYLE = Automatic;
				CURRENT_PROJECT_VERSION = 1;
				DEVELOPMENT_TEAM = VYAAXRZFXH;
				GENERATE_INFOPLIST_FILE = YES;
				IPHONEOS_DEPLOYMENT_TARGET = 16.1;
				MARKETING_VERSION = 1.0;
				PRODUCT_BUNDLE_IDENTIFIER = com.badger.LostArkExchangeTests;
				PRODUCT_NAME = "$(TARGET_NAME)";
				SWIFT_EMIT_LOC_STRINGS = NO;
				SWIFT_VERSION = 5.0;
				TARGETED_DEVICE_FAMILY = "1,2";
				TEST_HOST = "$(BUILT_PRODUCTS_DIR)/LostArkExchange.app/$(BUNDLE_EXECUTABLE_FOLDER_PATH)/LostArkExchange";
			};
			name = Release;
		};
		BA379DE92965650E00FC1F28 /* Debug */ = {
			isa = XCBuildConfiguration;
			buildSettings = {
				ALWAYS_EMBED_SWIFT_STANDARD_LIBRARIES = YES;
				CODE_SIGN_STYLE = Automatic;
				CURRENT_PROJECT_VERSION = 1;
				DEVELOPMENT_TEAM = VYAAXRZFXH;
				GENERATE_INFOPLIST_FILE = YES;
				MARKETING_VERSION = 1.0;
				PRODUCT_BUNDLE_IDENTIFIER = com.badger.LostArkExchangeUITests;
				PRODUCT_NAME = "$(TARGET_NAME)";
				SWIFT_EMIT_LOC_STRINGS = NO;
				SWIFT_VERSION = 5.0;
				TARGETED_DEVICE_FAMILY = "1,2";
				TEST_TARGET_NAME = LostArkExchange;
			};
			name = Debug;
		};
		BA379DEA2965650E00FC1F28 /* Release */ = {
			isa = XCBuildConfiguration;
			buildSettings = {
				ALWAYS_EMBED_SWIFT_STANDARD_LIBRARIES = YES;
				CODE_SIGN_STYLE = Automatic;
				CURRENT_PROJECT_VERSION = 1;
				DEVELOPMENT_TEAM = VYAAXRZFXH;
				GENERATE_INFOPLIST_FILE = YES;
				MARKETING_VERSION = 1.0;
				PRODUCT_BUNDLE_IDENTIFIER = com.badger.LostArkExchangeUITests;
				PRODUCT_NAME = "$(TARGET_NAME)";
				SWIFT_EMIT_LOC_STRINGS = NO;
				SWIFT_VERSION = 5.0;
				TARGETED_DEVICE_FAMILY = "1,2";
				TEST_TARGET_NAME = LostArkExchange;
			};
			name = Release;
		};
/* End XCBuildConfiguration section */

/* Begin XCConfigurationList section */
		BA379DB42965650D00FC1F28 /* Build configuration list for PBXProject "LostArkExchange" */ = {
			isa = XCConfigurationList;
			buildConfigurations = (
				BA379DE02965650E00FC1F28 /* Debug */,
				BA379DE12965650E00FC1F28 /* Release */,
			);
			defaultConfigurationIsVisible = 0;
			defaultConfigurationName = Release;
		};
		BA379DE22965650E00FC1F28 /* Build configuration list for PBXNativeTarget "LostArkExchange" */ = {
			isa = XCConfigurationList;
			buildConfigurations = (
				BA379DE32965650E00FC1F28 /* Debug */,
				BA379DE42965650E00FC1F28 /* Release */,
			);
			defaultConfigurationIsVisible = 0;
			defaultConfigurationName = Release;
		};
		BA379DE52965650E00FC1F28 /* Build configuration list for PBXNativeTarget "LostArkExchangeTests" */ = {
			isa = XCConfigurationList;
			buildConfigurations = (
				BA379DE62965650E00FC1F28 /* Debug */,
				BA379DE72965650E00FC1F28 /* Release */,
			);
			defaultConfigurationIsVisible = 0;
			defaultConfigurationName = Release;
		};
		BA379DE82965650E00FC1F28 /* Build configuration list for PBXNativeTarget "LostArkExchangeUITests" */ = {
			isa = XCConfigurationList;
			buildConfigurations = (
				BA379DE92965650E00FC1F28 /* Debug */,
				BA379DEA2965650E00FC1F28 /* Release */,
			);
			defaultConfigurationIsVisible = 0;
			defaultConfigurationName = Release;
		};
/* End XCConfigurationList section */

/* Begin XCRemoteSwiftPackageReference section */
		BA379E082968AC9A00FC1F28 /* XCRemoteSwiftPackageReference "RxSwift" */ = {
			isa = XCRemoteSwiftPackageReference;
			repositoryURL = "https://github.com/ReactiveX/RxSwift";
			requirement = {
				branch = main;
				kind = branch;
			};
		};
/* End XCRemoteSwiftPackageReference section */

/* Begin XCSwiftPackageProductDependency section */
		BA379E092968AC9A00FC1F28 /* RxCocoa */ = {
			isa = XCSwiftPackageProductDependency;
			package = BA379E082968AC9A00FC1F28 /* XCRemoteSwiftPackageReference "RxSwift" */;
			productName = RxCocoa;
		};
		BA379E0B2968AC9A00FC1F28 /* RxRelay */ = {
			isa = XCSwiftPackageProductDependency;
			package = BA379E082968AC9A00FC1F28 /* XCRemoteSwiftPackageReference "RxSwift" */;
			productName = RxRelay;
		};
		BA379E0D2968AC9A00FC1F28 /* RxSwift */ = {
			isa = XCSwiftPackageProductDependency;
			package = BA379E082968AC9A00FC1F28 /* XCRemoteSwiftPackageReference "RxSwift" */;
			productName = RxSwift;
		};
/* End XCSwiftPackageProductDependency section */

/* Begin XCVersionGroup section */
		BA379DC72965650E00FC1F28 /* LostArkExchange.xcdatamodeld */ = {
			isa = XCVersionGroup;
			children = (
				BA379DC82965650E00FC1F28 /* LostArkExchange.xcdatamodel */,
			);
			currentVersion = BA379DC82965650E00FC1F28 /* LostArkExchange.xcdatamodel */;
			path = LostArkExchange.xcdatamodeld;
			sourceTree = "<group>";
			versionGroupType = wrapper.xcdatamodel;
		};
/* End XCVersionGroup section */
	};
	rootObject = BA379DB12965650D00FC1F28 /* Project object */;
}
