// !$*UTF8*$!
{
	archiveVersion = 1;
	classes = {
	};
	objectVersion = 56;
	objects = {

/* Begin PBXBuildFile section */
		BA379DBD2965650D00FC1F28 /* LostArkExchangeApp.swift in Sources */ = {isa = PBXBuildFile; fileRef = BA379DBC2965650D00FC1F28 /* LostArkExchangeApp.swift */; };
		BA379DBF2965650D00FC1F28 /* ContentView.swift in Sources */ = {isa = PBXBuildFile; fileRef = BA379DBE2965650D00FC1F28 /* ContentView.swift */; };
		BA379DC12965650E00FC1F28 /* Assets.xcassets in Resources */ = {isa = PBXBuildFile; fileRef = BA379DC02965650E00FC1F28 /* Assets.xcassets */; };
		BA379DC42965650E00FC1F28 /* Preview Assets.xcassets in Resources */ = {isa = PBXBuildFile; fileRef = BA379DC32965650E00FC1F28 /* Preview Assets.xcassets */; };
		BA379DC62965650E00FC1F28 /* Persistence.swift in Sources */ = {isa = PBXBuildFile; fileRef = BA379DC52965650E00FC1F28 /* Persistence.swift */; };
		BA379DC92965650E00FC1F28 /* LostArkExchange.xcdatamodeld in Sources */ = {isa = PBXBuildFile; fileRef = BA379DC72965650E00FC1F28 /* LostArkExchange.xcdatamodeld */; };
		BA379DD32965650E00FC1F28 /* LostArkExchangeTests.swift in Sources */ = {isa = PBXBuildFile; fileRef = BA379DD22965650E00FC1F28 /* LostArkExchangeTests.swift */; };
		BA379DDD2965650E00FC1F28 /* LostArkExchangeUITests.swift in Sources */ = {isa = PBXBuildFile; fileRef = BA379DDC2965650E00FC1F28 /* LostArkExchangeUITests.swift */; };
		BA379DDF2965650E00FC1F28 /* LostArkExchangeUITestsLaunchTests.swift in Sources */ = {isa = PBXBuildFile; fileRef = BA379DDE2965650E00FC1F28 /* LostArkExchangeUITestsLaunchTests.swift */; };
/* End PBXBuildFile section */

/* Begin PBXContainerItemProxy section */
		BA379DCF2965650E00FC1F28 /* PBXContainerItemProxy */ = {
			isa = PBXContainerItemProxy;
			containerPortal = BA379DB12965650D00FC1F28 /* Project object */;
			proxyType = 1;
			remoteGlobalIDString = BA379DB82965650D00FC1F28;
			remoteInfo = LostArkExchange;
		};
		BA379DD92965650E00FC1F28 /* PBXContainerItemProxy */ = {
			isa = PBXContainerItemProxy;
			containerPortal = BA379DB12965650D00FC1F28 /* Project object */;
			proxyType = 1;
			remoteGlobalIDString = BA379DB82965650D00FC1F28;
			remoteInfo = LostArkExchange;
		};
/* End PBXContainerItemProxy section */

/* Begin PBXFileReference section */
		BA379DB92965650D00FC1F28 /* LostArkExchange.app */ = {isa = PBXFileReference; explicitFileType = wrapper.application; includeInIndex = 0; path = LostArkExchange.app; sourceTree = BUILT_PRODUCTS_DIR; };
		BA379DBC2965650D00FC1F28 /* LostArkExchangeApp.swift */ = {isa = PBXFileReference; lastKnownFileType = sourcecode.swift; path = LostArkExchangeApp.swift; sourceTree = "<group>"; };
		BA379DBE2965650D00FC1F28 /* ContentView.swift */ = {isa = PBXFileReference; lastKnownFileType = sourcecode.swift; path = ContentView.swift; sourceTree = "<group>"; };
		BA379DC02965650E00FC1F28 /* Assets.xcassets */ = {isa = PBXFileReference; lastKnownFileType = folder.assetcatalog; path = Assets.xcassets; sourceTree = "<group>"; };
		BA379DC32965650E00FC1F28 /* Preview Assets.xcassets */ = {isa = PBXFileReference; lastKnownFileType = folder.assetcatalog; path = "Preview Assets.xcassets"; sourceTree = "<group>"; };
		BA379DC52965650E00FC1F28 /* Persistence.swift */ = {isa = PBXFileReference; lastKnownFileType = sourcecode.swift; path = Persistence.swift; sourceTree = "<group>"; };
		BA379DC82965650E00FC1F28 /* LostArkExchange.xcdatamodel */ = {isa = PBXFileReference; lastKnownFileType = wrapper.xcdatamodel; path = LostArkExchange.xcdatamodel; sourceTree = "<group>"; };
		BA379DCE2965650E00FC1F28 /* LostArkExchangeTests.xctest */ = {isa = PBXFileReference; explicitFileType = wrapper.cfbundle; includeInIndex = 0; path = LostArkExchangeTests.xctest; sourceTree = BUILT_PRODUCTS_DIR; };
		BA379DD22965650E00FC1F28 /* LostArkExchangeTests.swift */ = {isa = PBXFileReference; lastKnownFileType = sourcecode.swift; path = LostArkExchangeTests.swift; sourceTree = "<group>"; };
		BA379DD82965650E00FC1F28 /* LostArkExchangeUITests.xctest */ = {isa = PBXFileReference; explicitFileType = wrapper.cfbundle; includeInIndex = 0; path = LostArkExchangeUITests.xctest; sourceTree = BUILT_PRODUCTS_DIR; };
		BA379DDC2965650E00FC1F28 /* LostArkExchangeUITests.swift */ = {isa = PBXFileReference; lastKnownFileType = sourcecode.swift; path = LostArkExchangeUITests.swift; sourceTree = "<group>"; };
		BA379DDE2965650E00FC1F28 /* LostArkExchangeUITestsLaunchTests.swift */ = {isa = PBXFileReference; lastKnownFileType = sourcecode.swift; path = LostArkExchangeUITestsLaunchTests.swift; sourceTree = "<group>"; };
/* End PBXFileReference section */

/* Begin PBXFrameworksBuildPhase section */
		BA379DB62965650D00FC1F28 /* Frameworks */ = {
			isa = PBXFrameworksBuildPhase;
			buildActionMask = 2147483647;
			files = (
			);
			runOnlyForDeploymentPostprocessing = 0;
		};
		BA379DCB2965650E00FC1F28 /* Frameworks */ = {
			isa = PBXFrameworksBuildPhase;
			buildActionMask = 2147483647;
			files = (
			);
			runOnlyForDeploymentPostprocessing = 0;
		};
		BA379DD52965650E00FC1F28 /* Frameworks */ = {
			isa = PBXFrameworksBuildPhase;
			buildActionMask = 2147483647;
			files = (
			);
			runOnlyForDeploymentPostprocessing = 0;
		};
/* End PBXFrameworksBuildPhase section */

/* Begin PBXGroup section */
		BA379DB02965650D00FC1F28 = {
			isa = PBXGroup;
			children = (
				BA379DBB2965650D00FC1F28 /* LostArkExchange */,
				BA379DD12965650E00FC1F28 /* LostArkExchangeTests */,
				BA379DDB2965650E00FC1F28 /* LostArkExchangeUITests */,
				BA379DBA2965650D00FC1F28 /* Products */,
			);
			sourceTree = "<group>";
		};
		BA379DBA2965650D00FC1F28 /* Products */ = {
			isa = PBXGroup;
			children = (
				BA379DB92965650D00FC1F28 /* LostArkExchange.app */,
				BA379DCE2965650E00FC1F28 /* LostArkExchangeTests.xctest */,
				BA379DD82965650E00FC1F28 /* LostArkExchangeUITests.xctest */,
			);
			name = Products;
			sourceTree = "<group>";
		};
		BA379DBB2965650D00FC1F28 /* LostArkExchange */ = {
			isa = PBXGroup;
			children = (
				BA379DBC2965650D00FC1F28 /* LostArkExchangeApp.swift */,
				BA379DBE2965650D00FC1F28 /* ContentView.swift */,
				BA379DC02965650E00FC1F28 /* Assets.xcassets */,
				BA379DC52965650E00FC1F28 /* Persistence.swift */,
				BA379DC72965650E00FC1F28 /* LostArkExchange.xcdatamodeld */,
				BA379DC22965650E00FC1F28 /* Preview Content */,
			);
			path = LostArkExchange;
			sourceTree = "<group>";
		};
		BA379DC22965650E00FC1F28 /* Preview Content */ = {
			isa = PBXGroup;
			children = (
				BA379DC32965650E00FC1F28 /* Preview Assets.xcassets */,
			);
			path = "Preview Content";
			sourceTree = "<group>";
		};
		BA379DD12965650E00FC1F28 /* LostArkExchangeTests */ = {
			isa = PBXGroup;
			children = (
				BA379DD22965650E00FC1F28 /* LostArkExchangeTests.swift */,
			);
			path = LostArkExchangeTests;
			sourceTree = "<group>";
		};
		BA379DDB2965650E00FC1F28 /* LostArkExchangeUITests */ = {
			isa = PBXGroup;
			children = (
				BA379DDC2965650E00FC1F28 /* LostArkExchangeUITests.swift */,
				BA379DDE2965650E00FC1F28 /* LostArkExchangeUITestsLaunchTests.swift */,
			);
			path = LostArkExchangeUITests;
			sourceTree = "<group>";
		};
/* End PBXGroup section */

/* Begin PBXNativeTarget section */
		BA379DB82965650D00FC1F28 /* LostArkExchange */ = {
			isa = PBXNativeTarget;
			buildConfigurationList = BA379DE22965650E00FC1F28 /* Build configuration list for PBXNativeTarget "LostArkExchange" */;
			buildPhases = (
				BA379DB52965650D00FC1F28 /* Sources */,
				BA379DB62965650D00FC1F28 /* Frameworks */,
				BA379DB72965650D00FC1F28 /* Resources */,
			);
			buildRules = (
			);
			dependencies = (
			);
			name = LostArkExchange;
			productName = LostArkExchange;
			productReference = BA379DB92965650D00FC1F28 /* LostArkExchange.app */;
			productType = "com.apple.product-type.application";
		};
		BA379DCD2965650E00FC1F28 /* LostArkExchangeTests */ = {
			isa = PBXNativeTarget;
			buildConfigurationList = BA379DE52965650E00FC1F28 /* Build configuration list for PBXNativeTarget "LostArkExchangeTests" */;
			buildPhases = (
				BA379DCA2965650E00FC1F28 /* Sources */,
				BA379DCB2965650E00FC1F28 /* Frameworks */,
				BA379DCC2965650E00FC1F28 /* Resources */,
			);
			buildRules = (
			);
			dependencies = (
				BA379DD02965650E00FC1F28 /* PBXTargetDependency */,
			);
			name = LostArkExchangeTests;
			productName = LostArkExchangeTests;
			productReference = BA379DCE2965650E00FC1F28 /* LostArkExchangeTests.xctest */;
			productType = "com.apple.product-type.bundle.unit-test";
		};
		BA379DD72965650E00FC1F28 /* LostArkExchangeUITests */ = {
			isa = PBXNativeTarget;
			buildConfigurationList = BA379DE82965650E00FC1F28 /* Build configuration list for PBXNativeTarget "LostArkExchangeUITests" */;
			buildPhases = (
				BA379DD42965650E00FC1F28 /* Sources */,
				BA379DD52965650E00FC1F28 /* Frameworks */,
				BA379DD62965650E00FC1F28 /* Resources */,
			);
			buildRules = (
			);
			dependencies = (
				BA379DDA2965650E00FC1F28 /* PBXTargetDependency */,
			);
			name = LostArkExchangeUITests;
			productName = LostArkExchangeUITests;
			productReference = BA379DD82965650E00FC1F28 /* LostArkExchangeUITests.xctest */;
			productType = "com.apple.product-type.bundle.ui-testing";
		};
/* End PBXNativeTarget section */

/* Begin PBXProject section */
		BA379DB12965650D00FC1F28 /* Project object */ = {
			isa = PBXProject;
			attributes = {
				BuildIndependentTargetsInParallel = 1;
				LastSwiftUpdateCheck = 1410;
				LastUpgradeCheck = 1410;
				TargetAttributes = {
					BA379DB82965650D00FC1F28 = {
						CreatedOnToolsVersion = 14.1;
					};
					BA379DCD2965650E00FC1F28 = {
						CreatedOnToolsVersion = 14.1;
						TestTargetID = BA379DB82965650D00FC1F28;
					};
					BA379DD72965650E00FC1F28 = {
						CreatedOnToolsVersion = 14.1;
						TestTargetID = BA379DB82965650D00FC1F28;
					};
				};
			};
			buildConfigurationList = BA379DB42965650D00FC1F28 /* Build configuration list for PBXProject "LostArkExchange" */;
			compatibilityVersion = "Xcode 14.0";
			developmentRegion = en;
			hasScannedForEncodings = 0;
			knownRegions = (
				en,
				Base,
			);
			mainGroup = BA379DB02965650D00FC1F28;
			productRefGroup = BA379DBA2965650D00FC1F28 /* Products */;
			projectDirPath = "";
			projectRoot = "";
			targets = (
				BA379DB82965650D00FC1F28 /* LostArkExchange */,
				BA379DCD2965650E00FC1F28 /* LostArkExchangeTests */,
				BA379DD72965650E00FC1F28 /* LostArkExchangeUITests */,
			);
		};
/* End PBXProject section */

/* Begin PBXResourcesBuildPhase section */
		BA379DB72965650D00FC1F28 /* Resources */ = {
			isa = PBXResourcesBuildPhase;
			buildActionMask = 2147483647;
			files = (
				BA379DC42965650E00FC1F28 /* Preview Assets.xcassets in Resources */,
				BA379DC12965650E00FC1F28 /* Assets.xcassets in Resources */,
			);
			runOnlyForDeploymentPostprocessing = 0;
		};
		BA379DCC2965650E00FC1F28 /* Resources */ = {
			isa = PBXResourcesBuildPhase;
			buildActionMask = 2147483647;
			files = (
			);
			runOnlyForDeploymentPostprocessing = 0;
		};
		BA379DD62965650E00FC1F28 /* Resources */ = {
			isa = PBXResourcesBuildPhase;
			buildActionMask = 2147483647;
			files = (
			);
			runOnlyForDeploymentPostprocessing = 0;
		};
/* End PBXResourcesBuildPhase section */

/* Begin PBXSourcesBuildPhase section */
		BA379DB52965650D00FC1F28 /* Sources */ = {
			isa = PBXSourcesBuildPhase;
			buildActionMask = 2147483647;
			files = (
				BA379DC62965650E00FC1F28 /* Persistence.swift in Sources */,
				BA379DBF2965650D00FC1F28 /* ContentView.swift in Sources */,
				BA379DBD2965650D00FC1F28 /* LostArkExchangeApp.swift in Sources */,
				BA379DC92965650E00FC1F28 /* LostArkExchange.xcdatamodeld in Sources */,
			);
			runOnlyForDeploymentPostprocessing = 0;
		};
		BA379DCA2965650E00FC1F28 /* Sources */ = {
			isa = PBXSourcesBuildPhase;
			buildActionMask = 2147483647;
			files = (
				BA379DD32965650E00FC1F28 /* LostArkExchangeTests.swift in Sources */,
			);
			runOnlyForDeploymentPostprocessing = 0;
		};
		BA379DD42965650E00FC1F28 /* Sources */ = {
			isa = PBXSourcesBuildPhase;
			buildActionMask = 2147483647;
			files = (
				BA379DDF2965650E00FC1F28 /* LostArkExchangeUITestsLaunchTests.swift in Sources */,
				BA379DDD2965650E00FC1F28 /* LostArkExchangeUITests.swift in Sources */,
			);
			runOnlyForDeploymentPostprocessing = 0;
		};
/* End PBXSourcesBuildPhase section */

/* Begin PBXTargetDependency section */
		BA379DD02965650E00FC1F28 /* PBXTargetDependency */ = {
			isa = PBXTargetDependency;
			target = BA379DB82965650D00FC1F28 /* LostArkExchange */;
			targetProxy = BA379DCF2965650E00FC1F28 /* PBXContainerItemProxy */;
		};
		BA379DDA2965650E00FC1F28 /* PBXTargetDependency */ = {
			isa = PBXTargetDependency;
			target = BA379DB82965650D00FC1F28 /* LostArkExchange */;
			targetProxy = BA379DD92965650E00FC1F28 /* PBXContainerItemProxy */;
		};
/* End PBXTargetDependency section */

/* Begin XCBuildConfiguration section */
		BA379DE02965650E00FC1F28 /* Debug */ = {
			isa = XCBuildConfiguration;
			buildSettings = {
				ALWAYS_SEARCH_USER_PATHS = NO;
				CLANG_ANALYZER_NONNULL = YES;
				CLANG_ANALYZER_NUMBER_OBJECT_CONVERSION = YES_AGGRESSIVE;
				CLANG_CXX_LANGUAGE_STANDARD = "gnu++20";
				CLANG_ENABLE_MODULES = YES;
				CLANG_ENABLE_OBJC_ARC = YES;
				CLANG_ENABLE_OBJC_WEAK = YES;
				CLANG_WARN_BLOCK_CAPTURE_AUTORELEASING = YES;
				CLANG_WARN_BOOL_CONVERSION = YES;
				CLANG_WARN_COMMA = YES;
				CLANG_WARN_CONSTANT_CONVERSION = YES;
				CLANG_WARN_DEPRECATED_OBJC_IMPLEMENTATIONS = YES;
				CLANG_WARN_DIRECT_OBJC_ISA_USAGE = YES_ERROR;
				CLANG_WARN_DOCUMENTATION_COMMENTS = YES;
				CLANG_WARN_EMPTY_BODY = YES;
				CLANG_WARN_ENUM_CONVERSION = YES;
				CLANG_WARN_INFINITE_RECURSION = YES;
				CLANG_WARN_INT_CONVERSION = YES;
				CLANG_WARN_NON_LITERAL_NULL_CONVERSION = YES;
				CLANG_WARN_OBJC_IMPLICIT_RETAIN_SELF = YES;
				CLANG_WARN_OBJC_LITERAL_CONVERSION = YES;
				CLANG_WARN_OBJC_ROOT_CLASS = YES_ERROR;
				CLANG_WARN_QUOTED_INCLUDE_IN_FRAMEWORK_HEADER = YES;
				CLANG_WARN_RANGE_LOOP_ANALYSIS = YES;
				CLANG_WARN_STRICT_PROTOTYPES = YES;
				CLANG_WARN_SUSPICIOUS_MOVE = YES;
				CLANG_WARN_UNGUARDED_AVAILABILITY = YES_AGGRESSIVE;
				CLANG_WARN_UNREACHABLE_CODE = YES;
				CLANG_WARN__DUPLICATE_METHOD_MATCH = YES;
				COPY_PHASE_STRIP = NO;
				DEBUG_INFORMATION_FORMAT = dwarf;
				ENABLE_STRICT_OBJC_MSGSEND = YES;
				ENABLE_TESTABILITY = YES;
				GCC_C_LANGUAGE_STANDARD = gnu11;
				GCC_DYNAMIC_NO_PIC = NO;
				GCC_NO_COMMON_BLOCKS = YES;
				GCC_OPTIMIZATION_LEVEL = 0;
				GCC_PREPROCESSOR_DEFINITIONS = (
					"DEBUG=1",
					"$(inherited)",
				);
				GCC_WARN_64_TO_32_BIT_CONVERSION = YES;
				GCC_WARN_ABOUT_RETURN_TYPE = YES_ERROR;
				GCC_WARN_UNDECLARED_SELECTOR = YES;
				GCC_WARN_UNINITIALIZED_AUTOS = YES_AGGRESSIVE;
				GCC_WARN_UNUSED_FUNCTION = YES;
				GCC_WARN_UNUSED_VARIABLE = YES;
				IPHONEOS_DEPLOYMENT_TARGET = 16.1;
				MTL_ENABLE_DEBUG_INFO = INCLUDE_SOURCE;
				MTL_FAST_MATH = YES;
				ONLY_ACTIVE_ARCH = YES;
				SDKROOT = iphoneos;
				SWIFT_ACTIVE_COMPILATION_CONDITIONS = DEBUG;
				SWIFT_OPTIMIZATION_LEVEL = "-Onone";
			};
			name = Debug;
		};
		BA379DE12965650E00FC1F28 /* Release */ = {
			isa = XCBuildConfiguration;
			buildSettings = {
				ALWAYS_SEARCH_USER_PATHS = NO;
				CLANG_ANALYZER_NONNULL = YES;
				CLANG_ANALYZER_NUMBER_OBJECT_CONVERSION = YES_AGGRESSIVE;
				CLANG_CXX_LANGUAGE_STANDARD = "gnu++20";
				CLANG_ENABLE_MODULES = YES;
				CLANG_ENABLE_OBJC_ARC = YES;
				CLANG_ENABLE_OBJC_WEAK = YES;
				CLANG_WARN_BLOCK_CAPTURE_AUTORELEASING = YES;
				CLANG_WARN_BOOL_CONVERSION = YES;
				CLANG_WARN_COMMA = YES;
				CLANG_WARN_CONSTANT_CONVERSION = YES;
				CLANG_WARN_DEPRECATED_OBJC_IMPLEMENTATIONS = YES;
				CLANG_WARN_DIRECT_OBJC_ISA_USAGE = YES_ERROR;
				CLANG_WARN_DOCUMENTATION_COMMENTS = YES;
				CLANG_WARN_EMPTY_BODY = YES;
				CLANG_WARN_ENUM_CONVERSION = YES;
				CLANG_WARN_INFINITE_RECURSION = YES;
				CLANG_WARN_INT_CONVERSION = YES;
				CLANG_WARN_NON_LITERAL_NULL_CONVERSION = YES;
				CLANG_WARN_OBJC_IMPLICIT_RETAIN_SELF = YES;
				CLANG_WARN_OBJC_LITERAL_CONVERSION = YES;
				CLANG_WARN_OBJC_ROOT_CLASS = YES_ERROR;
				CLANG_WARN_QUOTED_INCLUDE_IN_FRAMEWORK_HEADER = YES;
				CLANG_WARN_RANGE_LOOP_ANALYSIS = YES;
				CLANG_WARN_STRICT_PROTOTYPES = YES;
				CLANG_WARN_SUSPICIOUS_MOVE = YES;
				CLANG_WARN_UNGUARDED_AVAILABILITY = YES_AGGRESSIVE;
				CLANG_WARN_UNREACHABLE_CODE = YES;
				CLANG_WARN__DUPLICATE_METHOD_MATCH = YES;
				COPY_PHASE_STRIP = NO;
				DEBUG_INFORMATION_FORMAT = "dwarf-with-dsym";
				ENABLE_NS_ASSERTIONS = NO;
				ENABLE_STRICT_OBJC_MSGSEND = YES;
				GCC_C_LANGUAGE_STANDARD = gnu11;
				GCC_NO_COMMON_BLOCKS = YES;
				GCC_WARN_64_TO_32_BIT_CONVERSION = YES;
				GCC_WARN_ABOUT_RETURN_TYPE = YES_ERROR;
				GCC_WARN_UNDECLARED_SELECTOR = YES;
				GCC_WARN_UNINITIALIZED_AUTOS = YES_AGGRESSIVE;
				GCC_WARN_UNUSED_FUNCTION = YES;
				GCC_WARN_UNUSED_VARIABLE = YES;
				IPHONEOS_DEPLOYMENT_TARGET = 16.1;
				MTL_ENABLE_DEBUG_INFO = NO;
				MTL_FAST_MATH = YES;
				SDKROOT = iphoneos;
				SWIFT_COMPILATION_MODE = wholemodule;
				SWIFT_OPTIMIZATION_LEVEL = "-O";
				VALIDATE_PRODUCT = YES;
			};
			name = Release;
		};
		BA379DE32965650E00FC1F28 /* Debug */ = {
			isa = XCBuildConfiguration;
			buildSettings = {
				ASSETCATALOG_COMPILER_APPICON_NAME = AppIcon;
				ASSETCATALOG_COMPILER_GLOBAL_ACCENT_COLOR_NAME = AccentColor;
				CODE_SIGN_STYLE = Automatic;
				CURRENT_PROJECT_VERSION = 1;
				DEVELOPMENT_ASSET_PATHS = "\"LostArkExchange/Preview Content\"";
				DEVELOPMENT_TEAM = VYAAXRZFXH;
				ENABLE_PREVIEWS = YES;
				GENERATE_INFOPLIST_FILE = YES;
				INFOPLIST_KEY_UIApplicationSceneManifest_Generation = YES;
				INFOPLIST_KEY_UIApplicationSupportsIndirectInputEvents = YES;
				INFOPLIST_KEY_UILaunchScreen_Generation = YES;
				INFOPLIST_KEY_UISupportedInterfaceOrientations_iPad = "UIInterfaceOrientationPortrait UIInterfaceOrientationPortraitUpsideDown UIInterfaceOrientationLandscapeLeft UIInterfaceOrientationLandscapeRight";
				INFOPLIST_KEY_UISupportedInterfaceOrientations_iPhone = "UIInterfaceOrientationPortrait UIInterfaceOrientationLandscapeLeft UIInterfaceOrientationLandscapeRight";
				LD_RUNPATH_SEARCH_PATHS = (
					"$(inherited)",
					"@executable_path/Frameworks",
				);
				MARKETING_VERSION = 1.0;
				PRODUCT_BUNDLE_IDENTIFIER = com.badger.LostArkExchange;
				PRODUCT_NAME = "$(TARGET_NAME)";
				SWIFT_EMIT_LOC_STRINGS = YES;
				SWIFT_VERSION = 5.0;
				TARGETED_DEVICE_FAMILY = "1,2";
			};
			name = Debug;
		};
		BA379DE42965650E00FC1F28 /* Release */ = {
			isa = XCBuildConfiguration;
			buildSettings = {
				ASSETCATALOG_COMPILER_APPICON_NAME = AppIcon;
				ASSETCATALOG_COMPILER_GLOBAL_ACCENT_COLOR_NAME = AccentColor;
				CODE_SIGN_STYLE = Automatic;
				CURRENT_PROJECT_VERSION = 1;
				DEVELOPMENT_ASSET_PATHS = "\"LostArkExchange/Preview Content\"";
				DEVELOPMENT_TEAM = VYAAXRZFXH;
				ENABLE_PREVIEWS = YES;
				GENERATE_INFOPLIST_FILE = YES;
				INFOPLIST_KEY_UIApplicationSceneManifest_Generation = YES;
				INFOPLIST_KEY_UIApplicationSupportsIndirectInputEvents = YES;
				INFOPLIST_KEY_UILaunchScreen_Generation = YES;
				INFOPLIST_KEY_UISupportedInterfaceOrientations_iPad = "UIInterfaceOrientationPortrait UIInterfaceOrientationPortraitUpsideDown UIInterfaceOrientationLandscapeLeft UIInterfaceOrientationLandscapeRight";
				INFOPLIST_KEY_UISupportedInterfaceOrientations_iPhone = "UIInterfaceOrientationPortrait UIInterfaceOrientationLandscapeLeft UIInterfaceOrientationLandscapeRight";
				LD_RUNPATH_SEARCH_PATHS = (
					"$(inherited)",
					"@executable_path/Frameworks",
				);
				MARKETING_VERSION = 1.0;
				PRODUCT_BUNDLE_IDENTIFIER = com.badger.LostArkExchange;
				PRODUCT_NAME = "$(TARGET_NAME)";
				SWIFT_EMIT_LOC_STRINGS = YES;
				SWIFT_VERSION = 5.0;
				TARGETED_DEVICE_FAMILY = "1,2";
			};
			name = Release;
		};
		BA379DE62965650E00FC1F28 /* Debug */ = {
			isa = XCBuildConfiguration;
			buildSettings = {
				ALWAYS_EMBED_SWIFT_STANDARD_LIBRARIES = YES;
				BUNDLE_LOADER = "$(TEST_HOST)";
				CODE_SIGN_STYLE = Automatic;
				CURRENT_PROJECT_VERSION = 1;
				DEVELOPMENT_TEAM = VYAAXRZFXH;
				GENERATE_INFOPLIST_FILE = YES;
				IPHONEOS_DEPLOYMENT_TARGET = 16.1;
				MARKETING_VERSION = 1.0;
				PRODUCT_BUNDLE_IDENTIFIER = com.badger.LostArkExchangeTests;
				PRODUCT_NAME = "$(TARGET_NAME)";
				SWIFT_EMIT_LOC_STRINGS = NO;
				SWIFT_VERSION = 5.0;
				TARGETED_DEVICE_FAMILY = "1,2";
				TEST_HOST = "$(BUILT_PRODUCTS_DIR)/LostArkExchange.app/$(BUNDLE_EXECUTABLE_FOLDER_PATH)/LostArkExchange";
			};
			name = Debug;
		};
		BA379DE72965650E00FC1F28 /* Release */ = {
			isa = XCBuildConfiguration;
			buildSettings = {
				ALWAYS_EMBED_SWIFT_STANDARD_LIBRARIES = YES;
				BUNDLE_LOADER = "$(TEST_HOST)";
				CODE_SIGN_STYLE = Automatic;
				CURRENT_PROJECT_VERSION = 1;
				DEVELOPMENT_TEAM = VYAAXRZFXH;
				GENERATE_INFOPLIST_FILE = YES;
				IPHONEOS_DEPLOYMENT_TARGET = 16.1;
				MARKETING_VERSION = 1.0;
				PRODUCT_BUNDLE_IDENTIFIER = com.badger.LostArkExchangeTests;
				PRODUCT_NAME = "$(TARGET_NAME)";
				SWIFT_EMIT_LOC_STRINGS = NO;
				SWIFT_VERSION = 5.0;
				TARGETED_DEVICE_FAMILY = "1,2";
				TEST_HOST = "$(BUILT_PRODUCTS_DIR)/LostArkExchange.app/$(BUNDLE_EXECUTABLE_FOLDER_PATH)/LostArkExchange";
			};
			name = Release;
		};
		BA379DE92965650E00FC1F28 /* Debug */ = {
			isa = XCBuildConfiguration;
			buildSettings = {
				ALWAYS_EMBED_SWIFT_STANDARD_LIBRARIES = YES;
				CODE_SIGN_STYLE = Automatic;
				CURRENT_PROJECT_VERSION = 1;
				DEVELOPMENT_TEAM = VYAAXRZFXH;
				GENERATE_INFOPLIST_FILE = YES;
				MARKETING_VERSION = 1.0;
				PRODUCT_BUNDLE_IDENTIFIER = com.badger.LostArkExchangeUITests;
				PRODUCT_NAME = "$(TARGET_NAME)";
				SWIFT_EMIT_LOC_STRINGS = NO;
				SWIFT_VERSION = 5.0;
				TARGETED_DEVICE_FAMILY = "1,2";
				TEST_TARGET_NAME = LostArkExchange;
			};
			name = Debug;
		};
		BA379DEA2965650E00FC1F28 /* Release */ = {
			isa = XCBuildConfiguration;
			buildSettings = {
				ALWAYS_EMBED_SWIFT_STANDARD_LIBRARIES = YES;
				CODE_SIGN_STYLE = Automatic;
				CURRENT_PROJECT_VERSION = 1;
				DEVELOPMENT_TEAM = VYAAXRZFXH;
				GENERATE_INFOPLIST_FILE = YES;
				MARKETING_VERSION = 1.0;
				PRODUCT_BUNDLE_IDENTIFIER = com.badger.LostArkExchangeUITests;
				PRODUCT_NAME = "$(TARGET_NAME)";
				SWIFT_EMIT_LOC_STRINGS = NO;
				SWIFT_VERSION = 5.0;
				TARGETED_DEVICE_FAMILY = "1,2";
				TEST_TARGET_NAME = LostArkExchange;
			};
			name = Release;
		};
/* End XCBuildConfiguration section */

/* Begin XCConfigurationList section */
		BA379DB42965650D00FC1F28 /* Build configuration list for PBXProject "LostArkExchange" */ = {
			isa = XCConfigurationList;
			buildConfigurations = (
				BA379DE02965650E00FC1F28 /* Debug */,
				BA379DE12965650E00FC1F28 /* Release */,
			);
			defaultConfigurationIsVisible = 0;
			defaultConfigurationName = Release;
		};
		BA379DE22965650E00FC1F28 /* Build configuration list for PBXNativeTarget "LostArkExchange" */ = {
			isa = XCConfigurationList;
			buildConfigurations = (
				BA379DE32965650E00FC1F28 /* Debug */,
				BA379DE42965650E00FC1F28 /* Release */,
			);
			defaultConfigurationIsVisible = 0;
			defaultConfigurationName = Release;
		};
		BA379DE52965650E00FC1F28 /* Build configuration list for PBXNativeTarget "LostArkExchangeTests" */ = {
			isa = XCConfigurationList;
			buildConfigurations = (
				BA379DE62965650E00FC1F28 /* Debug */,
				BA379DE72965650E00FC1F28 /* Release */,
			);
			defaultConfigurationIsVisible = 0;
			defaultConfigurationName = Release;
		};
		BA379DE82965650E00FC1F28 /* Build configuration list for PBXNativeTarget "LostArkExchangeUITests" */ = {
			isa = XCConfigurationList;
			buildConfigurations = (
				BA379DE92965650E00FC1F28 /* Debug */,
				BA379DEA2965650E00FC1F28 /* Release */,
			);
			defaultConfigurationIsVisible = 0;
			defaultConfigurationName = Release;
		};
/* End XCConfigurationList section */

/* Begin XCVersionGroup section */
		BA379DC72965650E00FC1F28 /* LostArkExchange.xcdatamodeld */ = {
			isa = XCVersionGroup;
			children = (
				BA379DC82965650E00FC1F28 /* LostArkExchange.xcdatamodel */,
			);
			currentVersion = BA379DC82965650E00FC1F28 /* LostArkExchange.xcdatamodel */;
			path = LostArkExchange.xcdatamodeld;
			sourceTree = "<group>";
			versionGroupType = wrapper.xcdatamodel;
		};
/* End XCVersionGroup section */
	};
	rootObject = BA379DB12965650D00FC1F28 /* Project object */;
}
